// !$*UTF8*$!
{
	archiveVersion = 1;
	classes = {
	};
	objectVersion = 52;
	objects = {

/* Begin PBXBuildFile section */
		BE66D2A726937FC7005F03C5 /* AppDelegate.swift in Sources */ = {isa = PBXBuildFile; fileRef = BE66D2A626937FC7005F03C5 /* AppDelegate.swift */; };
		BE66D2A926937FC7005F03C5 /* SceneDelegate.swift in Sources */ = {isa = PBXBuildFile; fileRef = BE66D2A826937FC7005F03C5 /* SceneDelegate.swift */; };
		BE66D2AB26937FC7005F03C5 /* ViewController.swift in Sources */ = {isa = PBXBuildFile; fileRef = BE66D2AA26937FC7005F03C5 /* ViewController.swift */; };
		BE66D2B026937FC8005F03C5 /* Assets.xcassets in Resources */ = {isa = PBXBuildFile; fileRef = BE66D2AF26937FC8005F03C5 /* Assets.xcassets */; };
		BE66D2B326937FC8005F03C5 /* LaunchScreen.storyboard in Resources */ = {isa = PBXBuildFile; fileRef = BE66D2B126937FC8005F03C5 /* LaunchScreen.storyboard */; };
		BE9DA6C626B56C8C00C7C6C6 /* SnapKit in Frameworks */ = {isa = PBXBuildFile; productRef = BE9DA6C526B56C8C00C7C6C6 /* SnapKit */; };
/* End PBXBuildFile section */

/* Begin PBXFileReference section */
		BE66D2A326937FC7005F03C5 /* ExchangeRatesApp.app */ = {isa = PBXFileReference; explicitFileType = wrapper.application; includeInIndex = 0; path = ExchangeRatesApp.app; sourceTree = BUILT_PRODUCTS_DIR; };
		BE66D2A626937FC7005F03C5 /* AppDelegate.swift */ = {isa = PBXFileReference; lastKnownFileType = sourcecode.swift; path = AppDelegate.swift; sourceTree = "<group>"; };
		BE66D2A826937FC7005F03C5 /* SceneDelegate.swift */ = {isa = PBXFileReference; lastKnownFileType = sourcecode.swift; path = SceneDelegate.swift; sourceTree = "<group>"; };
		BE66D2AA26937FC7005F03C5 /* ViewController.swift */ = {isa = PBXFileReference; lastKnownFileType = sourcecode.swift; path = ViewController.swift; sourceTree = "<group>"; };
		BE66D2AF26937FC8005F03C5 /* Assets.xcassets */ = {isa = PBXFileReference; lastKnownFileType = folder.assetcatalog; path = Assets.xcassets; sourceTree = "<group>"; };
		BE66D2B226937FC8005F03C5 /* Base */ = {isa = PBXFileReference; lastKnownFileType = file.storyboard; name = Base; path = Base.lproj/LaunchScreen.storyboard; sourceTree = "<group>"; };
		BE66D2B426937FC8005F03C5 /* Info.plist */ = {isa = PBXFileReference; lastKnownFileType = text.plist.xml; path = Info.plist; sourceTree = "<group>"; };
/* End PBXFileReference section */

/* Begin PBXFrameworksBuildPhase section */
		BE66D2A026937FC7005F03C5 /* Frameworks */ = {
			isa = PBXFrameworksBuildPhase;
			buildActionMask = 2147483647;
			files = (
				BE9DA6C626B56C8C00C7C6C6 /* SnapKit in Frameworks */,
			);
			runOnlyForDeploymentPostprocessing = 0;
		};
/* End PBXFrameworksBuildPhase section */

/* Begin PBXGroup section */
		BE66D29A26937FC6005F03C5 = {
			isa = PBXGroup;
			children = (
				BE66D2A526937FC7005F03C5 /* ExchangeRatesApp */,
				BE66D2A426937FC7005F03C5 /* Products */,
			);
			sourceTree = "<group>";
		};
		BE66D2A426937FC7005F03C5 /* Products */ = {
			isa = PBXGroup;
			children = (
				BE66D2A326937FC7005F03C5 /* ExchangeRatesApp.app */,
			);
			name = Products;
			sourceTree = "<group>";
		};
		BE66D2A526937FC7005F03C5 /* ExchangeRatesApp */ = {
			isa = PBXGroup;
			children = (
				BE9DA6C726B5850000C7C6C6 /* App */,
				BE9DA6C926B5856000C7C6C6 /* Screens */,
				BE9DA6C826B5854500C7C6C6 /* Resources */,
			);
			path = ExchangeRatesApp;
			sourceTree = "<group>";
		};
		BE9DA6C726B5850000C7C6C6 /* App */ = {
			isa = PBXGroup;
			children = (
				BE66D2A626937FC7005F03C5 /* AppDelegate.swift */,
				BE66D2A826937FC7005F03C5 /* SceneDelegate.swift */,
			);
			path = App;
			sourceTree = "<group>";
		};
		BE9DA6C826B5854500C7C6C6 /* Resources */ = {
			isa = PBXGroup;
			children = (
				BE66D2AF26937FC8005F03C5 /* Assets.xcassets */,
				BE66D2B126937FC8005F03C5 /* LaunchScreen.storyboard */,
				BE66D2B426937FC8005F03C5 /* Info.plist */,
			);
			path = Resources;
			sourceTree = "<group>";
		};
		BE9DA6C926B5856000C7C6C6 /* Screens */ = {
			isa = PBXGroup;
			children = (
				BE66D2AA26937FC7005F03C5 /* ViewController.swift */,
			);
			path = Screens;
			sourceTree = "<group>";
		};
/* End PBXGroup section */

/* Begin PBXNativeTarget section */
		BE66D2A226937FC7005F03C5 /* ExchangeRatesApp */ = {
			isa = PBXNativeTarget;
			buildConfigurationList = BE66D2B726937FC8005F03C5 /* Build configuration list for PBXNativeTarget "ExchangeRatesApp" */;
			buildPhases = (
				BE66D29F26937FC7005F03C5 /* Sources */,
				BE66D2A026937FC7005F03C5 /* Frameworks */,
				BE66D2A126937FC7005F03C5 /* Resources */,
			);
			buildRules = (
			);
			dependencies = (
			);
			name = ExchangeRatesApp;
			packageProductDependencies = (
				BE9DA6C526B56C8C00C7C6C6 /* SnapKit */,
			);
			productName = ExchangeRatesApp;
			productReference = BE66D2A326937FC7005F03C5 /* ExchangeRatesApp.app */;
			productType = "com.apple.product-type.application";
		};
/* End PBXNativeTarget section */

/* Begin PBXProject section */
		BE66D29B26937FC6005F03C5 /* Project object */ = {
			isa = PBXProject;
			attributes = {
				LastSwiftUpdateCheck = 1250;
				LastUpgradeCheck = 1250;
				TargetAttributes = {
					BE66D2A226937FC7005F03C5 = {
						CreatedOnToolsVersion = 12.5.1;
					};
				};
			};
			buildConfigurationList = BE66D29E26937FC6005F03C5 /* Build configuration list for PBXProject "ExchangeRatesApp" */;
			compatibilityVersion = "Xcode 9.3";
			developmentRegion = en;
			hasScannedForEncodings = 0;
			knownRegions = (
				en,
				Base,
			);
			mainGroup = BE66D29A26937FC6005F03C5;
			packageReferences = (
				BE9DA6C426B56C8C00C7C6C6 /* XCRemoteSwiftPackageReference "SnapKit" */,
			);
			productRefGroup = BE66D2A426937FC7005F03C5 /* Products */;
			projectDirPath = "";
			projectRoot = "";
			targets = (
				BE66D2A226937FC7005F03C5 /* ExchangeRatesApp */,
			);
		};
/* End PBXProject section */

/* Begin PBXResourcesBuildPhase section */
		BE66D2A126937FC7005F03C5 /* Resources */ = {
			isa = PBXResourcesBuildPhase;
			buildActionMask = 2147483647;
			files = (
				BE66D2B326937FC8005F03C5 /* LaunchScreen.storyboard in Resources */,
				BE66D2B026937FC8005F03C5 /* Assets.xcassets in Resources */,
			);
			runOnlyForDeploymentPostprocessing = 0;
		};
/* End PBXResourcesBuildPhase section */

/* Begin PBXSourcesBuildPhase section */
		BE66D29F26937FC7005F03C5 /* Sources */ = {
			isa = PBXSourcesBuildPhase;
			buildActionMask = 2147483647;
			files = (
				BE66D2AB26937FC7005F03C5 /* ViewController.swift in Sources */,
				BE66D2A726937FC7005F03C5 /* AppDelegate.swift in Sources */,
				BE66D2A926937FC7005F03C5 /* SceneDelegate.swift in Sources */,
			);
			runOnlyForDeploymentPostprocessing = 0;
		};
/* End PBXSourcesBuildPhase section */

/* Begin PBXVariantGroup section */
		BE66D2B126937FC8005F03C5 /* LaunchScreen.storyboard */ = {
			isa = PBXVariantGroup;
			children = (
				BE66D2B226937FC8005F03C5 /* Base */,
			);
			name = LaunchScreen.storyboard;
			sourceTree = "<group>";
		};
/* End PBXVariantGroup section */

/* Begin XCBuildConfiguration section */
		BE66D2B526937FC8005F03C5 /* Debug */ = {
			isa = XCBuildConfiguration;
			buildSettings = {
				ALWAYS_SEARCH_USER_PATHS = NO;
				CLANG_ANALYZER_NONNULL = YES;
				CLANG_ANALYZER_NUMBER_OBJECT_CONVERSION = YES_AGGRESSIVE;
				CLANG_CXX_LANGUAGE_STANDARD = "gnu++14";
				CLANG_CXX_LIBRARY = "libc++";
				CLANG_ENABLE_MODULES = YES;
				CLANG_ENABLE_OBJC_ARC = YES;
				CLANG_ENABLE_OBJC_WEAK = YES;
				CLANG_WARN_BLOCK_CAPTURE_AUTORELEASING = YES;
				CLANG_WARN_BOOL_CONVERSION = YES;
				CLANG_WARN_COMMA = YES;
				CLANG_WARN_CONSTANT_CONVERSION = YES;
				CLANG_WARN_DEPRECATED_OBJC_IMPLEMENTATIONS = YES;
				CLANG_WARN_DIRECT_OBJC_ISA_USAGE = YES_ERROR;
				CLANG_WARN_DOCUMENTATION_COMMENTS = YES;
				CLANG_WARN_EMPTY_BODY = YES;
				CLANG_WARN_ENUM_CONVERSION = YES;
				CLANG_WARN_INFINITE_RECURSION = YES;
				CLANG_WARN_INT_CONVERSION = YES;
				CLANG_WARN_NON_LITERAL_NULL_CONVERSION = YES;
				CLANG_WARN_OBJC_IMPLICIT_RETAIN_SELF = YES;
				CLANG_WARN_OBJC_LITERAL_CONVERSION = YES;
				CLANG_WARN_OBJC_ROOT_CLASS = YES_ERROR;
				CLANG_WARN_QUOTED_INCLUDE_IN_FRAMEWORK_HEADER = YES;
				CLANG_WARN_RANGE_LOOP_ANALYSIS = YES;
				CLANG_WARN_STRICT_PROTOTYPES = YES;
				CLANG_WARN_SUSPICIOUS_MOVE = YES;
				CLANG_WARN_UNGUARDED_AVAILABILITY = YES_AGGRESSIVE;
				CLANG_WARN_UNREACHABLE_CODE = YES;
				CLANG_WARN__DUPLICATE_METHOD_MATCH = YES;
				COPY_PHASE_STRIP = NO;
				DEBUG_INFORMATION_FORMAT = dwarf;
				ENABLE_STRICT_OBJC_MSGSEND = YES;
				ENABLE_TESTABILITY = YES;
				GCC_C_LANGUAGE_STANDARD = gnu11;
				GCC_DYNAMIC_NO_PIC = NO;
				GCC_NO_COMMON_BLOCKS = YES;
				GCC_OPTIMIZATION_LEVEL = 0;
				GCC_PREPROCESSOR_DEFINITIONS = (
					"DEBUG=1",
					"$(inherited)",
				);
				GCC_WARN_64_TO_32_BIT_CONVERSION = YES;
				GCC_WARN_ABOUT_RETURN_TYPE = YES_ERROR;
				GCC_WARN_UNDECLARED_SELECTOR = YES;
				GCC_WARN_UNINITIALIZED_AUTOS = YES_AGGRESSIVE;
				GCC_WARN_UNUSED_FUNCTION = YES;
				GCC_WARN_UNUSED_VARIABLE = YES;
				IPHONEOS_DEPLOYMENT_TARGET = 14.5;
				MTL_ENABLE_DEBUG_INFO = INCLUDE_SOURCE;
				MTL_FAST_MATH = YES;
				ONLY_ACTIVE_ARCH = YES;
				SDKROOT = iphoneos;
				SWIFT_ACTIVE_COMPILATION_CONDITIONS = DEBUG;
				SWIFT_OPTIMIZATION_LEVEL = "-Onone";
			};
			name = Debug;
		};
		BE66D2B626937FC8005F03C5 /* Release */ = {
			isa = XCBuildConfiguration;
			buildSettings = {
				ALWAYS_SEARCH_USER_PATHS = NO;
				CLANG_ANALYZER_NONNULL = YES;
				CLANG_ANALYZER_NUMBER_OBJECT_CONVERSION = YES_AGGRESSIVE;
				CLANG_CXX_LANGUAGE_STANDARD = "gnu++14";
				CLANG_CXX_LIBRARY = "libc++";
				CLANG_ENABLE_MODULES = YES;
				CLANG_ENABLE_OBJC_ARC = YES;
				CLANG_ENABLE_OBJC_WEAK = YES;
				CLANG_WARN_BLOCK_CAPTURE_AUTORELEASING = YES;
				CLANG_WARN_BOOL_CONVERSION = YES;
				CLANG_WARN_COMMA = YES;
				CLANG_WARN_CONSTANT_CONVERSION = YES;
				CLANG_WARN_DEPRECATED_OBJC_IMPLEMENTATIONS = YES;
				CLANG_WARN_DIRECT_OBJC_ISA_USAGE = YES_ERROR;
				CLANG_WARN_DOCUMENTATION_COMMENTS = YES;
				CLANG_WARN_EMPTY_BODY = YES;
				CLANG_WARN_ENUM_CONVERSION = YES;
				CLANG_WARN_INFINITE_RECURSION = YES;
				CLANG_WARN_INT_CONVERSION = YES;
				CLANG_WARN_NON_LITERAL_NULL_CONVERSION = YES;
				CLANG_WARN_OBJC_IMPLICIT_RETAIN_SELF = YES;
				CLANG_WARN_OBJC_LITERAL_CONVERSION = YES;
				CLANG_WARN_OBJC_ROOT_CLASS = YES_ERROR;
				CLANG_WARN_QUOTED_INCLUDE_IN_FRAMEWORK_HEADER = YES;
				CLANG_WARN_RANGE_LOOP_ANALYSIS = YES;
				CLANG_WARN_STRICT_PROTOTYPES = YES;
				CLANG_WARN_SUSPICIOUS_MOVE = YES;
				CLANG_WARN_UNGUARDED_AVAILABILITY = YES_AGGRESSIVE;
				CLANG_WARN_UNREACHABLE_CODE = YES;
				CLANG_WARN__DUPLICATE_METHOD_MATCH = YES;
				COPY_PHASE_STRIP = NO;
				DEBUG_INFORMATION_FORMAT = "dwarf-with-dsym";
				ENABLE_NS_ASSERTIONS = NO;
				ENABLE_STRICT_OBJC_MSGSEND = YES;
				GCC_C_LANGUAGE_STANDARD = gnu11;
				GCC_NO_COMMON_BLOCKS = YES;
				GCC_WARN_64_TO_32_BIT_CONVERSION = YES;
				GCC_WARN_ABOUT_RETURN_TYPE = YES_ERROR;
				GCC_WARN_UNDECLARED_SELECTOR = YES;
				GCC_WARN_UNINITIALIZED_AUTOS = YES_AGGRESSIVE;
				GCC_WARN_UNUSED_FUNCTION = YES;
				GCC_WARN_UNUSED_VARIABLE = YES;
				IPHONEOS_DEPLOYMENT_TARGET = 14.5;
				MTL_ENABLE_DEBUG_INFO = NO;
				MTL_FAST_MATH = YES;
				SDKROOT = iphoneos;
				SWIFT_COMPILATION_MODE = wholemodule;
				SWIFT_OPTIMIZATION_LEVEL = "-O";
				VALIDATE_PRODUCT = YES;
			};
			name = Release;
		};
		BE66D2B826937FC8005F03C5 /* Debug */ = {
			isa = XCBuildConfiguration;
			buildSettings = {
				ASSETCATALOG_COMPILER_APPICON_NAME = AppIcon;
				ASSETCATALOG_COMPILER_GLOBAL_ACCENT_COLOR_NAME = AccentColor;
				CODE_SIGN_STYLE = Automatic;
				DEVELOPMENT_TEAM = FTBRR688DQ;
				INFOPLIST_FILE = "$(SRCROOT)/ExchangeRatesApp/Resources/Info.plist";
				LD_RUNPATH_SEARCH_PATHS = (
					"$(inherited)",
					"@executable_path/Frameworks",
				);
				PRODUCT_BUNDLE_IDENTIFIER = com.LSH.ExchangeRatesApp;
				PRODUCT_NAME = "$(TARGET_NAME)";
				SWIFT_VERSION = 5.0;
				TARGETED_DEVICE_FAMILY = "1,2";
			};
			name = Debug;
		};
		BE66D2B926937FC8005F03C5 /* Release */ = {
			isa = XCBuildConfiguration;
			buildSettings = {
				ASSETCATALOG_COMPILER_APPICON_NAME = AppIcon;
				ASSETCATALOG_COMPILER_GLOBAL_ACCENT_COLOR_NAME = AccentColor;
				CODE_SIGN_STYLE = Automatic;
				DEVELOPMENT_TEAM = FTBRR688DQ;
				INFOPLIST_FILE = "$(SRCROOT)/ExchangeRatesApp/Resources/Info.plist";
				LD_RUNPATH_SEARCH_PATHS = (
					"$(inherited)",
					"@executable_path/Frameworks",
				);
				PRODUCT_BUNDLE_IDENTIFIER = com.LSH.ExchangeRatesApp;
				PRODUCT_NAME = "$(TARGET_NAME)";
				SWIFT_VERSION = 5.0;
				TARGETED_DEVICE_FAMILY = "1,2";
			};
			name = Release;
		};
/* End XCBuildConfiguration section */

/* Begin XCConfigurationList section */
		BE66D29E26937FC6005F03C5 /* Build configuration list for PBXProject "ExchangeRatesApp" */ = {
			isa = XCConfigurationList;
			buildConfigurations = (
				BE66D2B526937FC8005F03C5 /* Debug */,
				BE66D2B626937FC8005F03C5 /* Release */,
			);
			defaultConfigurationIsVisible = 0;
			defaultConfigurationName = Release;
		};
		BE66D2B726937FC8005F03C5 /* Build configuration list for PBXNativeTarget "ExchangeRatesApp" */ = {
			isa = XCConfigurationList;
			buildConfigurations = (
				BE66D2B826937FC8005F03C5 /* Debug */,
				BE66D2B926937FC8005F03C5 /* Release */,
			);
			defaultConfigurationIsVisible = 0;
			defaultConfigurationName = Release;
		};
/* End XCConfigurationList section */

/* Begin XCRemoteSwiftPackageReference section */
		BE9DA6C426B56C8C00C7C6C6 /* XCRemoteSwiftPackageReference "SnapKit" */ = {
			isa = XCRemoteSwiftPackageReference;
			repositoryURL = "https://github.com/SnapKit/SnapKit.git";
			requirement = {
				kind = upToNextMajorVersion;
				minimumVersion = 5.0.1;
			};
		};
/* End XCRemoteSwiftPackageReference section */

/* Begin XCSwiftPackageProductDependency section */
		BE9DA6C526B56C8C00C7C6C6 /* SnapKit */ = {
			isa = XCSwiftPackageProductDependency;
			package = BE9DA6C426B56C8C00C7C6C6 /* XCRemoteSwiftPackageReference "SnapKit" */;
			productName = SnapKit;
		};
/* End XCSwiftPackageProductDependency section */
	};
	rootObject = BE66D29B26937FC6005F03C5 /* Project object */;
}
